
Microsoft Visual Studio Solution File, Format Version 12.00
# Visual Studio Version 17
VisualStudioVersion = 17.14.36310.24 d17.14
MinimumVisualStudioVersion = 10.0.40219.1
Project("{FAE04EC0-301F-11D3-BF4B-00C04F79EFBC}") = "DemoCalculator", "DemoCalculator\DemoCalculator.csproj", "{620A9DD3-66DF-4A4E-B5D0-3F47F2F79CB4}"
EndProject
Project("{FAE04EC0-301F-11D3-BF4B-00C04F79EFBC}") = "CalculatorTest.MSTest", "CalculatorTest.MSTest\CalculatorTest.MSTest.csproj", "{26193F1C-DE5E-43D9-B453-2AC2051F3986}"
EndProject
Global
	GlobalSection(SolutionConfigurationPlatforms) = preSolution
		Debug|Any CPU = Debug|Any CPU
		Release|Any CPU = Release|Any CPU
	EndGlobalSection
	GlobalSection(ProjectConfigurationPlatforms) = postSolution
		{620A9DD3-66DF-4A4E-B5D0-3F47F2F79CB4}.Debug|Any CPU.ActiveCfg = Debug|Any CPU
		{620A9DD3-66DF-4A4E-B5D0-3F47F2F79CB4}.Debug|Any CPU.Build.0 = Debug|Any CPU
		{620A9DD3-66DF-4A4E-B5D0-3F47F2F79CB4}.Release|Any CPU.ActiveCfg = Release|Any CPU
		{620A9DD3-66DF-4A4E-B5D0-3F47F2F79CB4}.Release|Any CPU.Build.0 = Release|Any CPU
		{26193F1C-DE5E-43D9-B453-2AC2051F3986}.Debug|Any CPU.ActiveCfg = Debug|Any CPU
		{26193F1C-DE5E-43D9-B453-2AC2051F3986}.Debug|Any CPU.Build.0 = Debug|Any CPU
		{26193F1C-DE5E-43D9-B453-2AC2051F3986}.Release|Any CPU.ActiveCfg = Release|Any CPU
		{26193F1C-DE5E-43D9-B453-2AC2051F3986}.Release|Any CPU.Build.0 = Release|Any CPU
	EndGlobalSection
	GlobalSection(SolutionProperties) = preSolution
		HideSolutionNode = FALSE
	EndGlobalSection
	GlobalSection(ExtensibilityGlobals) = postSolution
		SolutionGuid = {C7BABC50-C6E2-4A88-86BA-FAD2E323E8DA}
	EndGlobalSection
EndGlobal
