
Microsoft Visual Studio Solution File, Format Version 12.00
# Visual Studio Version 17
VisualStudioVersion = 17.14.36310.24 d17.14
MinimumVisualStudioVersion = 10.0.40219.1
Project("{FAE04EC0-301F-11D3-BF4B-00C04F79EFBC}") = "StandardCSharpFeatures", "StandardCSharpFeatures\StandardCSharpFeatures.csproj", "{56DCCC59-036B-477C-8F76-A544B8A447B4}"
EndProject
Global
	GlobalSection(SolutionConfigurationPlatforms) = preSolution
		Debug|Any CPU = Debug|Any CPU
		Release|Any CPU = Release|Any CPU
	EndGlobalSection
	GlobalSection(ProjectConfigurationPlatforms) = postSolution
		{56DCCC59-036B-477C-8F76-A544B8A447B4}.Debug|Any CPU.ActiveCfg = Debug|Any CPU
		{56DCCC59-036B-477C-8F76-A544B8A447B4}.Debug|Any CPU.Build.0 = Debug|Any CPU
		{56DCCC59-036B-477C-8F76-A544B8A447B4}.Release|Any CPU.ActiveCfg = Release|Any CPU
		{56DCCC59-036B-477C-8F76-A544B8A447B4}.Release|Any CPU.Build.0 = Release|Any CPU
	EndGlobalSection
	GlobalSection(SolutionProperties) = preSolution
		HideSolutionNode = FALSE
	EndGlobalSection
	GlobalSection(ExtensibilityGlobals) = postSolution
		SolutionGuid = {06D72EF7-4967-49F4-B369-2405F3087F41}
	EndGlobalSection
EndGlobal
