Microsoft Visual Studio Solution File, Format Version 12.00
# Visual Studio Version 17
VisualStudioVersion = 17.5.2.0
MinimumVisualStudioVersion = 10.0.40219.1
Project("{FAE04EC0-301F-11D3-BF4B-00C04F79EFBC}") = "JWtOnlyDemo", "JWtOnlyDemo.csproj", "{0823B3F1-1163-C068-382F-8A74D678B228}"
EndProject
Global
	GlobalSection(SolutionConfigurationPlatforms) = preSolution
		Debug|Any CPU = Debug|Any CPU
		Release|Any CPU = Release|Any CPU
	EndGlobalSection
	GlobalSection(ProjectConfigurationPlatforms) = postSolution
		{0823B3F1-1163-C068-382F-8A74D678B228}.Debug|Any CPU.ActiveCfg = Debug|Any CPU
		{0823B3F1-1163-C068-382F-8A74D678B228}.Debug|Any CPU.Build.0 = Debug|Any CPU
		{0823B3F1-1163-C068-382F-8A74D678B228}.Release|Any CPU.ActiveCfg = Release|Any CPU
		{0823B3F1-1163-C068-382F-8A74D678B228}.Release|Any CPU.Build.0 = Release|Any CPU
	EndGlobalSection
	GlobalSection(SolutionProperties) = preSolution
		HideSolutionNode = FALSE
	EndGlobalSection
	GlobalSection(ExtensibilityGlobals) = postSolution
		SolutionGuid = {A522CC24-C40F-4873-A906-C6BAFAE47B7A}
	EndGlobalSection
EndGlobal
