
Microsoft Visual Studio Solution File, Format Version 12.00
# Visual Studio Version 17
VisualStudioVersion = 17.14.36310.24 d17.14
MinimumVisualStudioVersion = 10.0.40219.1
Project("{FAE04EC0-301F-11D3-BF4B-00C04F79EFBC}") = "FileHandlingStream", "FileHandlingStream\FileHandlingStream.csproj", "{3F06DEF7-4CBF-44E5-A468-D2C4F03E5437}"
EndProject
Global
	GlobalSection(SolutionConfigurationPlatforms) = preSolution
		Debug|Any CPU = Debug|Any CPU
		Release|Any CPU = Release|Any CPU
	EndGlobalSection
	GlobalSection(ProjectConfigurationPlatforms) = postSolution
		{3F06DEF7-4CBF-44E5-A468-D2C4F03E5437}.Debug|Any CPU.ActiveCfg = Debug|Any CPU
		{3F06DEF7-4CBF-44E5-A468-D2C4F03E5437}.Debug|Any CPU.Build.0 = Debug|Any CPU
		{3F06DEF7-4CBF-44E5-A468-D2C4F03E5437}.Release|Any CPU.ActiveCfg = Release|Any CPU
		{3F06DEF7-4CBF-44E5-A468-D2C4F03E5437}.Release|Any CPU.Build.0 = Release|Any CPU
	EndGlobalSection
	GlobalSection(SolutionProperties) = preSolution
		HideSolutionNode = FALSE
	EndGlobalSection
	GlobalSection(ExtensibilityGlobals) = postSolution
		SolutionGuid = {95DD0D8A-F9C3-4462-8165-19CF29D9C4D1}
	EndGlobalSection
EndGlobal
