
Microsoft Visual Studio Solution File, Format Version 12.00
# Visual Studio Version 17
VisualStudioVersion = 17.14.36310.24 d17.14
MinimumVisualStudioVersion = 10.0.40219.1
Project("{FAE04EC0-301F-11D3-BF4B-00C04F79EFBC}") = "MySecondApp", "MySecondApp\MySecondApp.csproj", "{DD28A04F-F006-4CB2-B8EB-21A122F39294}"
EndProject
Global
	GlobalSection(SolutionConfigurationPlatforms) = preSolution
		Debug|Any CPU = Debug|Any CPU
		Release|Any CPU = Release|Any CPU
	EndGlobalSection
	GlobalSection(ProjectConfigurationPlatforms) = postSolution
		{DD28A04F-F006-4CB2-B8EB-21A122F39294}.Debug|Any CPU.ActiveCfg = Debug|Any CPU
		{DD28A04F-F006-4CB2-B8EB-21A122F39294}.Debug|Any CPU.Build.0 = Debug|Any CPU
		{DD28A04F-F006-4CB2-B8EB-21A122F39294}.Release|Any CPU.ActiveCfg = Release|Any CPU
		{DD28A04F-F006-4CB2-B8EB-21A122F39294}.Release|Any CPU.Build.0 = Release|Any CPU
	EndGlobalSection
	GlobalSection(SolutionProperties) = preSolution
		HideSolutionNode = FALSE
	EndGlobalSection
	GlobalSection(ExtensibilityGlobals) = postSolution
		SolutionGuid = {467D2F8D-A84A-4132-A6B3-D698DD9F62AF}
	EndGlobalSection
EndGlobal
