
Microsoft Visual Studio Solution File, Format Version 12.00
# Visual Studio Version 17
VisualStudioVersion = 17.14.36310.24 d17.14
MinimumVisualStudioVersion = 10.0.40219.1
Project("{FAE04EC0-301F-11D3-BF4B-00C04F79EFBC}") = "FileHandling", "FileHandling\FileHandling.csproj", "{4D3FF7D0-F35B-4A1C-BDBF-2DEE4D8613F2}"
EndProject
Global
	GlobalSection(SolutionConfigurationPlatforms) = preSolution
		Debug|Any CPU = Debug|Any CPU
		Release|Any CPU = Release|Any CPU
	EndGlobalSection
	GlobalSection(ProjectConfigurationPlatforms) = postSolution
		{4D3FF7D0-F35B-4A1C-BDBF-2DEE4D8613F2}.Debug|Any CPU.ActiveCfg = Debug|Any CPU
		{4D3FF7D0-F35B-4A1C-BDBF-2DEE4D8613F2}.Debug|Any CPU.Build.0 = Debug|Any CPU
		{4D3FF7D0-F35B-4A1C-BDBF-2DEE4D8613F2}.Release|Any CPU.ActiveCfg = Release|Any CPU
		{4D3FF7D0-F35B-4A1C-BDBF-2DEE4D8613F2}.Release|Any CPU.Build.0 = Release|Any CPU
	EndGlobalSection
	GlobalSection(SolutionProperties) = preSolution
		HideSolutionNode = FALSE
	EndGlobalSection
	GlobalSection(ExtensibilityGlobals) = postSolution
		SolutionGuid = {9B3AB59D-2270-421F-8554-BD91DB92BE3E}
	EndGlobalSection
EndGlobal
